
Microsoft Visual Studio Solution File, Format Version 12.00
# Visual Studio Version 17
VisualStudioVersion = 17.8.34601.278
MinimumVisualStudioVersion = 10.0.40219.1
Project("{9A19103F-16F7-4668-BE54-9A1E7A4F7556}") = "Mission06_Bangerter", "Mission6\Mission06_Bangerter.csproj", "{C792F39D-B576-4140-8612-CF9D27D95D49}"
EndProject
Global
	GlobalSection(SolutionConfigurationPlatforms) = preSolution
		Debug|Any CPU = Debug|Any CPU
		Release|Any CPU = Release|Any CPU
	EndGlobalSection
	GlobalSection(ProjectConfigurationPlatforms) = postSolution
		{C792F39D-B576-4140-8612-CF9D27D95D49}.Debug|Any CPU.ActiveCfg = Debug|Any CPU
		{C792F39D-B576-4140-8612-CF9D27D95D49}.Debug|Any CPU.Build.0 = Debug|Any CPU
		{C792F39D-B576-4140-8612-CF9D27D95D49}.Release|Any CPU.ActiveCfg = Release|Any CPU
		{C792F39D-B576-4140-8612-CF9D27D95D49}.Release|Any CPU.Build.0 = Release|Any CPU
	EndGlobalSection
	GlobalSection(SolutionProperties) = preSolution
		HideSolutionNode = FALSE
	EndGlobalSection
	GlobalSection(ExtensibilityGlobals) = postSolution
		SolutionGuid = {EF30582A-1A2A-4BCB-A275-BF25F6DED6D6}
	EndGlobalSection
EndGlobal
